
Microsoft Visual Studio Solution File, Format Version 12.00
# Visual Studio Version 17
VisualStudioVersion = 17.6.33815.320
MinimumVisualStudioVersion = 10.0.40219.1
Project("{FAE04EC0-301F-11D3-BF4B-00C04F79EFBC}") = "scylladbCrud", "scylladbCrud\scylladbCrud.csproj", "{E43CAEAD-960E-48A7-9055-380F3C0BF4C0}"
EndProject
Global
	GlobalSection(SolutionConfigurationPlatforms) = preSolution
		Debug|Any CPU = Debug|Any CPU
		Release|Any CPU = Release|Any CPU
	EndGlobalSection
	GlobalSection(ProjectConfigurationPlatforms) = postSolution
		{E43CAEAD-960E-48A7-9055-380F3C0BF4C0}.Debug|Any CPU.ActiveCfg = Debug|Any CPU
		{E43CAEAD-960E-48A7-9055-380F3C0BF4C0}.Debug|Any CPU.Build.0 = Debug|Any CPU
		{E43CAEAD-960E-48A7-9055-380F3C0BF4C0}.Release|Any CPU.ActiveCfg = Release|Any CPU
		{E43CAEAD-960E-48A7-9055-380F3C0BF4C0}.Release|Any CPU.Build.0 = Release|Any CPU
	EndGlobalSection
	GlobalSection(SolutionProperties) = preSolution
		HideSolutionNode = FALSE
	EndGlobalSection
	GlobalSection(ExtensibilityGlobals) = postSolution
		SolutionGuid = {CA1AA0B3-6816-466F-A95C-FE48336D4D46}
	EndGlobalSection
EndGlobal
